
Microsoft Visual Studio Solution File, Format Version 12.00
# Visual Studio Version 17
VisualStudioVersion = 17.9.34728.123
MinimumVisualStudioVersion = 10.0.40219.1
Project("{FAE04EC0-301F-11D3-BF4B-00C04F79EFBC}") = "C#fetch", "C#fetch\C#fetch.csproj", "{C89D03B2-D1CA-438C-9AF6-854A663A9006}"
EndProject
Global
	GlobalSection(SolutionConfigurationPlatforms) = preSolution
		Debug|Any CPU = Debug|Any CPU
		Release|Any CPU = Release|Any CPU
	EndGlobalSection
	GlobalSection(ProjectConfigurationPlatforms) = postSolution
		{C89D03B2-D1CA-438C-9AF6-854A663A9006}.Debug|Any CPU.ActiveCfg = Debug|Any CPU
		{C89D03B2-D1CA-438C-9AF6-854A663A9006}.Debug|Any CPU.Build.0 = Debug|Any CPU
		{C89D03B2-D1CA-438C-9AF6-854A663A9006}.Release|Any CPU.ActiveCfg = Release|Any CPU
		{C89D03B2-D1CA-438C-9AF6-854A663A9006}.Release|Any CPU.Build.0 = Release|Any CPU
	EndGlobalSection
	GlobalSection(SolutionProperties) = preSolution
		HideSolutionNode = FALSE
	EndGlobalSection
	GlobalSection(ExtensibilityGlobals) = postSolution
		SolutionGuid = {2841A60D-4F36-47F3-B326-0120C89FBFE0}
	EndGlobalSection
EndGlobal
